
Microsoft Visual Studio Solution File, Format Version 12.00
# Visual Studio Version 17
VisualStudioVersion = 17.4.33103.184
MinimumVisualStudioVersion = 10.0.40219.1
Project("{9A19103F-16F7-4668-BE54-9A1E7A4F7556}") = "RethinkSample", "src\RethinkSample.csproj", "{24518160-30F9-471E-AF51-D97D35AF31E1}"
EndProject
Project("{2150E333-8FDC-42A3-9474-1A3956D46DE8}") = "src", "src", "{5ABEC6BD-29E4-4B01-B08D-3E3F29BB767F}"
EndProject
Project("{2150E333-8FDC-42A3-9474-1A3956D46DE8}") = "tests", "tests", "{1F40AA50-31E3-4F7E-AA81-0FC8E40241F2}"
EndProject
Project("{FAE04EC0-301F-11D3-BF4B-00C04F79EFBC}") = "RethinkSample.UnitTests", "tests\RethinkSample.UnitTests\RethinkSample.UnitTests.csproj", "{DE614268-5893-404A-ACA7-E985F86F3A00}"
EndProject
Global
	GlobalSection(SolutionConfigurationPlatforms) = preSolution
		Debug|Any CPU = Debug|Any CPU
		Release|Any CPU = Release|Any CPU
	EndGlobalSection
	GlobalSection(ProjectConfigurationPlatforms) = postSolution
		{24518160-30F9-471E-AF51-D97D35AF31E1}.Debug|Any CPU.ActiveCfg = Debug|Any CPU
		{24518160-30F9-471E-AF51-D97D35AF31E1}.Debug|Any CPU.Build.0 = Debug|Any CPU
		{24518160-30F9-471E-AF51-D97D35AF31E1}.Release|Any CPU.ActiveCfg = Release|Any CPU
		{24518160-30F9-471E-AF51-D97D35AF31E1}.Release|Any CPU.Build.0 = Release|Any CPU
		{DE614268-5893-404A-ACA7-E985F86F3A00}.Debug|Any CPU.ActiveCfg = Debug|Any CPU
		{DE614268-5893-404A-ACA7-E985F86F3A00}.Debug|Any CPU.Build.0 = Debug|Any CPU
		{DE614268-5893-404A-ACA7-E985F86F3A00}.Release|Any CPU.ActiveCfg = Release|Any CPU
		{DE614268-5893-404A-ACA7-E985F86F3A00}.Release|Any CPU.Build.0 = Release|Any CPU
	EndGlobalSection
	GlobalSection(SolutionProperties) = preSolution
		HideSolutionNode = FALSE
	EndGlobalSection
	GlobalSection(NestedProjects) = preSolution
		{24518160-30F9-471E-AF51-D97D35AF31E1} = {5ABEC6BD-29E4-4B01-B08D-3E3F29BB767F}
		{DE614268-5893-404A-ACA7-E985F86F3A00} = {1F40AA50-31E3-4F7E-AA81-0FC8E40241F2}
	EndGlobalSection
	GlobalSection(ExtensibilityGlobals) = postSolution
		SolutionGuid = {B0EF5501-2E4F-4DE9-8E15-67E01CF9BF24}
	EndGlobalSection
EndGlobal
